
Microsoft Visual Studio Solution File, Format Version 12.00
# Visual Studio Version 17
VisualStudioVersion = 17.8.34309.116
MinimumVisualStudioVersion = 10.0.40219.1
Project("{FAE04EC0-301F-11D3-BF4B-00C04F79EFBC}") = "PeopleGeneratorServer", "PeopleGeneratorServer.csproj", "{ECF58B10-D131-4EB5-BF8C-8F054D48F5E7}"
EndProject
Global
	GlobalSection(SolutionConfigurationPlatforms) = preSolution
		Debug|Any CPU = Debug|Any CPU
		Release|Any CPU = Release|Any CPU
	EndGlobalSection
	GlobalSection(ProjectConfigurationPlatforms) = postSolution
		{ECF58B10-D131-4EB5-BF8C-8F054D48F5E7}.Debug|Any CPU.ActiveCfg = Debug|Any CPU
		{ECF58B10-D131-4EB5-BF8C-8F054D48F5E7}.Debug|Any CPU.Build.0 = Debug|Any CPU
		{ECF58B10-D131-4EB5-BF8C-8F054D48F5E7}.Release|Any CPU.ActiveCfg = Release|Any CPU
		{ECF58B10-D131-4EB5-BF8C-8F054D48F5E7}.Release|Any CPU.Build.0 = Release|Any CPU
	EndGlobalSection
	GlobalSection(SolutionProperties) = preSolution
		HideSolutionNode = FALSE
	EndGlobalSection
	GlobalSection(ExtensibilityGlobals) = postSolution
		SolutionGuid = {0A35ACAE-4925-4E20-8DB5-5C3734A11EBA}
	EndGlobalSection
EndGlobal
